// !$*UTF8*$!
{
	archiveVersion = 1;
	classes = {
	};
	objectVersion = 56;
	objects = {

/* Begin PBXBuildFile section */
		2A2356EC2B25A50D0097BA65 /* ReportModel.swift in Sources */ = {isa = PBXBuildFile; fileRef = 2A2356EB2B25A50D0097BA65 /* ReportModel.swift */; };
		2A53013D2B1F26C7003F4587 /* CallDataViewController.swift in Sources */ = {isa = PBXBuildFile; fileRef = 2A53013C2B1F26C7003F4587 /* CallDataViewController.swift */; };
		2A8F2E352B273D1C00C5CA39 /* Main.storyboard in Resources */ = {isa = PBXBuildFile; fileRef = 2A8F2E342B273D1C00C5CA39 /* Main.storyboard */; };
		2ACB4A4F2B20A26F008D1E75 /* LoginDataManager.swift in Sources */ = {isa = PBXBuildFile; fileRef = 2ACB4A4E2B20A26F008D1E75 /* LoginDataManager.swift */; };
		2ACB4A522B20A7D3008D1E75 /* Alamofire in Frameworks */ = {isa = PBXBuildFile; productRef = 2ACB4A512B20A7D3008D1E75 /* Alamofire */; };
		2ACB4A552B20A938008D1E75 /* LoginViewController.swift in Sources */ = {isa = PBXBuildFile; fileRef = 2ACB4A542B20A938008D1E75 /* LoginViewController.swift */; };
		2ACF0C3B2B1C769000B53999 /* AppDelegate.swift in Sources */ = {isa = PBXBuildFile; fileRef = 2ACF0C3A2B1C769000B53999 /* AppDelegate.swift */; };
		2ACF0C3D2B1C769000B53999 /* SceneDelegate.swift in Sources */ = {isa = PBXBuildFile; fileRef = 2ACF0C3C2B1C769000B53999 /* SceneDelegate.swift */; };
		2ACF0C3F2B1C769000B53999 /* ViewController.swift in Sources */ = {isa = PBXBuildFile; fileRef = 2ACF0C3E2B1C769000B53999 /* ViewController.swift */; };
		2ACF0C452B1C769000B53999 /* Palphone_Analysis.xcdatamodeld in Sources */ = {isa = PBXBuildFile; fileRef = 2ACF0C432B1C769000B53999 /* Palphone_Analysis.xcdatamodeld */; };
		2ACF0C472B1C769100B53999 /* Assets.xcassets in Resources */ = {isa = PBXBuildFile; fileRef = 2ACF0C462B1C769100B53999 /* Assets.xcassets */; };
		2ACF0C4A2B1C769100B53999 /* LaunchScreen.storyboard in Resources */ = {isa = PBXBuildFile; fileRef = 2ACF0C482B1C769100B53999 /* LaunchScreen.storyboard */; };
		2ADE30A82B30671B009FD775 /* DetailsViewController.swift in Sources */ = {isa = PBXBuildFile; fileRef = 2ADE30A72B30671B009FD775 /* DetailsViewController.swift */; };
		2ADE30AA2B306FBB009FD775 /* DetailsCostumCellTableViewCell.swift in Sources */ = {isa = PBXBuildFile; fileRef = 2ADE30A92B306FBB009FD775 /* DetailsCostumCellTableViewCell.swift */; };
/* End PBXBuildFile section */

/* Begin PBXFileReference section */
		2A2356EB2B25A50D0097BA65 /* ReportModel.swift */ = {isa = PBXFileReference; lastKnownFileType = sourcecode.swift; path = ReportModel.swift; sourceTree = "<group>"; };
		2A53013C2B1F26C7003F4587 /* CallDataViewController.swift */ = {isa = PBXFileReference; lastKnownFileType = sourcecode.swift; path = CallDataViewController.swift; sourceTree = "<group>"; };
		2A8F2E342B273D1C00C5CA39 /* Main.storyboard */ = {isa = PBXFileReference; lastKnownFileType = file.storyboard; path = Main.storyboard; sourceTree = "<group>"; };
		2ACB4A4E2B20A26F008D1E75 /* LoginDataManager.swift */ = {isa = PBXFileReference; lastKnownFileType = sourcecode.swift; path = LoginDataManager.swift; sourceTree = "<group>"; };
		2ACB4A542B20A938008D1E75 /* LoginViewController.swift */ = {isa = PBXFileReference; lastKnownFileType = sourcecode.swift; path = LoginViewController.swift; sourceTree = "<group>"; };
		2ACF0C372B1C769000B53999 /* Palphone Analysis.app */ = {isa = PBXFileReference; explicitFileType = wrapper.application; includeInIndex = 0; path = "Palphone Analysis.app"; sourceTree = BUILT_PRODUCTS_DIR; };
		2ACF0C3A2B1C769000B53999 /* AppDelegate.swift */ = {isa = PBXFileReference; lastKnownFileType = sourcecode.swift; path = AppDelegate.swift; sourceTree = "<group>"; };
		2ACF0C3C2B1C769000B53999 /* SceneDelegate.swift */ = {isa = PBXFileReference; lastKnownFileType = sourcecode.swift; path = SceneDelegate.swift; sourceTree = "<group>"; };
		2ACF0C3E2B1C769000B53999 /* ViewController.swift */ = {isa = PBXFileReference; lastKnownFileType = sourcecode.swift; path = ViewController.swift; sourceTree = "<group>"; };
		2ACF0C442B1C769000B53999 /* Palphone_Analysis.xcdatamodel */ = {isa = PBXFileReference; lastKnownFileType = wrapper.xcdatamodel; path = Palphone_Analysis.xcdatamodel; sourceTree = "<group>"; };
		2ACF0C462B1C769100B53999 /* Assets.xcassets */ = {isa = PBXFileReference; lastKnownFileType = folder.assetcatalog; path = Assets.xcassets; sourceTree = "<group>"; };
		2ACF0C492B1C769100B53999 /* Base */ = {isa = PBXFileReference; lastKnownFileType = file.storyboard; name = Base; path = Base.lproj/LaunchScreen.storyboard; sourceTree = "<group>"; };
		2ACF0C4B2B1C769100B53999 /* Info.plist */ = {isa = PBXFileReference; lastKnownFileType = text.plist.xml; path = Info.plist; sourceTree = "<group>"; };
		2ADE30A72B30671B009FD775 /* DetailsViewController.swift */ = {isa = PBXFileReference; lastKnownFileType = sourcecode.swift; path = DetailsViewController.swift; sourceTree = "<group>"; };
		2ADE30A92B306FBB009FD775 /* DetailsCostumCellTableViewCell.swift */ = {isa = PBXFileReference; lastKnownFileType = sourcecode.swift; path = DetailsCostumCellTableViewCell.swift; sourceTree = "<group>"; };
/* End PBXFileReference section */

/* Begin PBXFrameworksBuildPhase section */
		2ACF0C342B1C769000B53999 /* Frameworks */ = {
			isa = PBXFrameworksBuildPhase;
			buildActionMask = 2147483647;
			files = (
				2ACB4A522B20A7D3008D1E75 /* Alamofire in Frameworks */,
			);
			runOnlyForDeploymentPostprocessing = 0;
		};
/* End PBXFrameworksBuildPhase section */

/* Begin PBXGroup section */
		2ACB4A4D2B20A22C008D1E75 /* DataModels */ = {
			isa = PBXGroup;
			children = (
				2ACB4A4E2B20A26F008D1E75 /* LoginDataManager.swift */,
				2A2356EB2B25A50D0097BA65 /* ReportModel.swift */,
			);
			path = DataModels;
			sourceTree = "<group>";
		};
		2ACB4A532B20A8D0008D1E75 /* Controllers */ = {
			isa = PBXGroup;
			children = (
				2ACF0C3E2B1C769000B53999 /* ViewController.swift */,
				2ACB4A542B20A938008D1E75 /* LoginViewController.swift */,
				2A53013C2B1F26C7003F4587 /* CallDataViewController.swift */,
			);
			path = Controllers;
			sourceTree = "<group>";
		};
		2ACF0C2E2B1C769000B53999 = {
			isa = PBXGroup;
			children = (
				2ACF0C392B1C769000B53999 /* Palphone Analysis */,
				2ACF0C382B1C769000B53999 /* Products */,
			);
			sourceTree = "<group>";
		};
		2ACF0C382B1C769000B53999 /* Products */ = {
			isa = PBXGroup;
			children = (
				2ACF0C372B1C769000B53999 /* Palphone Analysis.app */,
			);
			name = Products;
			sourceTree = "<group>";
		};
		2ACF0C392B1C769000B53999 /* Palphone Analysis */ = {
			isa = PBXGroup;
			children = (
				2A8F2E342B273D1C00C5CA39 /* Main.storyboard */,
				2ADE30A92B306FBB009FD775 /* DetailsCostumCellTableViewCell.swift */,
				2ACF0C3A2B1C769000B53999 /* AppDelegate.swift */,
				2ACF0C3C2B1C769000B53999 /* SceneDelegate.swift */,
				2ACB4A4D2B20A22C008D1E75 /* DataModels */,
				2ACB4A532B20A8D0008D1E75 /* Controllers */,
				2ACF0C462B1C769100B53999 /* Assets.xcassets */,
				2ACF0C482B1C769100B53999 /* LaunchScreen.storyboard */,
				2ACF0C4B2B1C769100B53999 /* Info.plist */,
				2ACF0C432B1C769000B53999 /* Palphone_Analysis.xcdatamodeld */,
				2ADE30A72B30671B009FD775 /* DetailsViewController.swift */,
			);
			path = "Palphone Analysis";
			sourceTree = "<group>";
		};
/* End PBXGroup section */

/* Begin PBXNativeTarget section */
		2ACF0C362B1C769000B53999 /* Palphone Analysis */ = {
			isa = PBXNativeTarget;
			buildConfigurationList = 2ACF0C4E2B1C769100B53999 /* Build configuration list for PBXNativeTarget "Palphone Analysis" */;
			buildPhases = (
				2ACF0C332B1C769000B53999 /* Sources */,
				2ACF0C342B1C769000B53999 /* Frameworks */,
				2ACF0C352B1C769000B53999 /* Resources */,
			);
			buildRules = (
			);
			dependencies = (
			);
			name = "Palphone Analysis";
			packageProductDependencies = (
				2ACB4A512B20A7D3008D1E75 /* Alamofire */,
			);
			productName = "Palphone Analysis";
			productReference = 2ACF0C372B1C769000B53999 /* Palphone Analysis.app */;
			productType = "com.apple.product-type.application";
		};
/* End PBXNativeTarget section */

/* Begin PBXProject section */
		2ACF0C2F2B1C769000B53999 /* Project object */ = {
			isa = PBXProject;
			attributes = {
				BuildIndependentTargetsInParallel = 1;
				LastSwiftUpdateCheck = 1500;
				LastUpgradeCheck = 1500;
				TargetAttributes = {
					2ACF0C362B1C769000B53999 = {
						CreatedOnToolsVersion = 15.0;
					};
				};
			};
			buildConfigurationList = 2ACF0C322B1C769000B53999 /* Build configuration list for PBXProject "Palphone Analysis" */;
			compatibilityVersion = "Xcode 14.0";
			developmentRegion = en;
			hasScannedForEncodings = 0;
			knownRegions = (
				en,
				Base,
			);
			mainGroup = 2ACF0C2E2B1C769000B53999;
			packageReferences = (
				2ACB4A502B20A7D3008D1E75 /* XCRemoteSwiftPackageReference "Alamofire" */,
			);
			productRefGroup = 2ACF0C382B1C769000B53999 /* Products */;
			projectDirPath = "";
			projectRoot = "";
			targets = (
				2ACF0C362B1C769000B53999 /* Palphone Analysis */,
			);
		};
/* End PBXProject section */

/* Begin PBXResourcesBuildPhase section */
		2ACF0C352B1C769000B53999 /* Resources */ = {
			isa = PBXResourcesBuildPhase;
			buildActionMask = 2147483647;
			files = (
				2A8F2E352B273D1C00C5CA39 /* Main.storyboard in Resources */,
				2ACF0C4A2B1C769100B53999 /* LaunchScreen.storyboard in Resources */,
				2ACF0C472B1C769100B53999 /* Assets.xcassets in Resources */,
			);
			runOnlyForDeploymentPostprocessing = 0;
		};
/* End PBXResourcesBuildPhase section */

/* Begin PBXSourcesBuildPhase section */
		2ACF0C332B1C769000B53999 /* Sources */ = {
			isa = PBXSourcesBuildPhase;
			buildActionMask = 2147483647;
			files = (
				2ACB4A552B20A938008D1E75 /* LoginViewController.swift in Sources */,
				2A2356EC2B25A50D0097BA65 /* ReportModel.swift in Sources */,
				2ADE30A82B30671B009FD775 /* DetailsViewController.swift in Sources */,
				2ACF0C452B1C769000B53999 /* Palphone_Analysis.xcdatamodeld in Sources */,
				2ACB4A4F2B20A26F008D1E75 /* LoginDataManager.swift in Sources */,
				2ADE30AA2B306FBB009FD775 /* DetailsCostumCellTableViewCell.swift in Sources */,
				2ACF0C3F2B1C769000B53999 /* ViewController.swift in Sources */,
				2ACF0C3B2B1C769000B53999 /* AppDelegate.swift in Sources */,
				2A53013D2B1F26C7003F4587 /* CallDataViewController.swift in Sources */,
				2ACF0C3D2B1C769000B53999 /* SceneDelegate.swift in Sources */,
			);
			runOnlyForDeploymentPostprocessing = 0;
		};
/* End PBXSourcesBuildPhase section */

/* Begin PBXVariantGroup section */
		2ACF0C482B1C769100B53999 /* LaunchScreen.storyboard */ = {
			isa = PBXVariantGroup;
			children = (
				2ACF0C492B1C769100B53999 /* Base */,
			);
			name = LaunchScreen.storyboard;
			sourceTree = "<group>";
		};
/* End PBXVariantGroup section */

/* Begin XCBuildConfiguration section */
		2ACF0C4C2B1C769100B53999 /* Debug */ = {
			isa = XCBuildConfiguration;
			buildSettings = {
				ALWAYS_SEARCH_USER_PATHS = NO;
				ASSETCATALOG_COMPILER_GENERATE_SWIFT_ASSET_SYMBOL_EXTENSIONS = YES;
				CLANG_ANALYZER_NONNULL = YES;
				CLANG_ANALYZER_NUMBER_OBJECT_CONVERSION = YES_AGGRESSIVE;
				CLANG_CXX_LANGUAGE_STANDARD = "gnu++20";
				CLANG_ENABLE_MODULES = YES;
				CLANG_ENABLE_OBJC_ARC = YES;
				CLANG_ENABLE_OBJC_WEAK = YES;
				CLANG_WARN_BLOCK_CAPTURE_AUTORELEASING = YES;
				CLANG_WARN_BOOL_CONVERSION = YES;
				CLANG_WARN_COMMA = YES;
				CLANG_WARN_CONSTANT_CONVERSION = YES;
				CLANG_WARN_DEPRECATED_OBJC_IMPLEMENTATIONS = YES;
				CLANG_WARN_DIRECT_OBJC_ISA_USAGE = YES_ERROR;
				CLANG_WARN_DOCUMENTATION_COMMENTS = YES;
				CLANG_WARN_EMPTY_BODY = YES;
				CLANG_WARN_ENUM_CONVERSION = YES;
				CLANG_WARN_INFINITE_RECURSION = YES;
				CLANG_WARN_INT_CONVERSION = YES;
				CLANG_WARN_NON_LITERAL_NULL_CONVERSION = YES;
				CLANG_WARN_OBJC_IMPLICIT_RETAIN_SELF = YES;
				CLANG_WARN_OBJC_LITERAL_CONVERSION = YES;
				CLANG_WARN_OBJC_ROOT_CLASS = YES_ERROR;
				CLANG_WARN_QUOTED_INCLUDE_IN_FRAMEWORK_HEADER = YES;
				CLANG_WARN_RANGE_LOOP_ANALYSIS = YES;
				CLANG_WARN_STRICT_PROTOTYPES = YES;
				CLANG_WARN_SUSPICIOUS_MOVE = YES;
				CLANG_WARN_UNGUARDED_AVAILABILITY = YES_AGGRESSIVE;
				CLANG_WARN_UNREACHABLE_CODE = YES;
				CLANG_WARN__DUPLICATE_METHOD_MATCH = YES;
				COPY_PHASE_STRIP = NO;
				DEBUG_INFORMATION_FORMAT = dwarf;
				ENABLE_STRICT_OBJC_MSGSEND = YES;
				ENABLE_TESTABILITY = YES;
				ENABLE_USER_SCRIPT_SANDBOXING = YES;
				GCC_C_LANGUAGE_STANDARD = gnu17;
				GCC_DYNAMIC_NO_PIC = NO;
				GCC_NO_COMMON_BLOCKS = YES;
				GCC_OPTIMIZATION_LEVEL = 0;
				GCC_PREPROCESSOR_DEFINITIONS = (
					"DEBUG=1",
					"$(inherited)",
				);
				GCC_WARN_64_TO_32_BIT_CONVERSION = YES;
				GCC_WARN_ABOUT_RETURN_TYPE = YES_ERROR;
				GCC_WARN_UNDECLARED_SELECTOR = YES;
				GCC_WARN_UNINITIALIZED_AUTOS = YES_AGGRESSIVE;
				GCC_WARN_UNUSED_FUNCTION = YES;
				GCC_WARN_UNUSED_VARIABLE = YES;
				IPHONEOS_DEPLOYMENT_TARGET = 16.6;
				LOCALIZATION_PREFERS_STRING_CATALOGS = YES;
				MTL_ENABLE_DEBUG_INFO = INCLUDE_SOURCE;
				MTL_FAST_MATH = YES;
				ONLY_ACTIVE_ARCH = YES;
				SDKROOT = iphoneos;
				SWIFT_ACTIVE_COMPILATION_CONDITIONS = "DEBUG $(inherited)";
				SWIFT_OPTIMIZATION_LEVEL = "-Onone";
			};
			name = Debug;
		};
		2ACF0C4D2B1C769100B53999 /* Release */ = {
			isa = XCBuildConfiguration;
			buildSettings = {
				ALWAYS_SEARCH_USER_PATHS = NO;
				ASSETCATALOG_COMPILER_GENERATE_SWIFT_ASSET_SYMBOL_EXTENSIONS = YES;
				CLANG_ANALYZER_NONNULL = YES;
				CLANG_ANALYZER_NUMBER_OBJECT_CONVERSION = YES_AGGRESSIVE;
				CLANG_CXX_LANGUAGE_STANDARD = "gnu++20";
				CLANG_ENABLE_MODULES = YES;
				CLANG_ENABLE_OBJC_ARC = YES;
				CLANG_ENABLE_OBJC_WEAK = YES;
				CLANG_WARN_BLOCK_CAPTURE_AUTORELEASING = YES;
				CLANG_WARN_BOOL_CONVERSION = YES;
				CLANG_WARN_COMMA = YES;
				CLANG_WARN_CONSTANT_CONVERSION = YES;
				CLANG_WARN_DEPRECATED_OBJC_IMPLEMENTATIONS = YES;
				CLANG_WARN_DIRECT_OBJC_ISA_USAGE = YES_ERROR;
				CLANG_WARN_DOCUMENTATION_COMMENTS = YES;
				CLANG_WARN_EMPTY_BODY = YES;
				CLANG_WARN_ENUM_CONVERSION = YES;
				CLANG_WARN_INFINITE_RECURSION = YES;
				CLANG_WARN_INT_CONVERSION = YES;
				CLANG_WARN_NON_LITERAL_NULL_CONVERSION = YES;
				CLANG_WARN_OBJC_IMPLICIT_RETAIN_SELF = YES;
				CLANG_WARN_OBJC_LITERAL_CONVERSION = YES;
				CLANG_WARN_OBJC_ROOT_CLASS = YES_ERROR;
				CLANG_WARN_QUOTED_INCLUDE_IN_FRAMEWORK_HEADER = YES;
				CLANG_WARN_RANGE_LOOP_ANALYSIS = YES;
				CLANG_WARN_STRICT_PROTOTYPES = YES;
				CLANG_WARN_SUSPICIOUS_MOVE = YES;
				CLANG_WARN_UNGUARDED_AVAILABILITY = YES_AGGRESSIVE;
				CLANG_WARN_UNREACHABLE_CODE = YES;
				CLANG_WARN__DUPLICATE_METHOD_MATCH = YES;
				COPY_PHASE_STRIP = NO;
				DEBUG_INFORMATION_FORMAT = "dwarf-with-dsym";
				ENABLE_NS_ASSERTIONS = NO;
				ENABLE_STRICT_OBJC_MSGSEND = YES;
				ENABLE_USER_SCRIPT_SANDBOXING = YES;
				GCC_C_LANGUAGE_STANDARD = gnu17;
				GCC_NO_COMMON_BLOCKS = YES;
				GCC_WARN_64_TO_32_BIT_CONVERSION = YES;
				GCC_WARN_ABOUT_RETURN_TYPE = YES_ERROR;
				GCC_WARN_UNDECLARED_SELECTOR = YES;
				GCC_WARN_UNINITIALIZED_AUTOS = YES_AGGRESSIVE;
				GCC_WARN_UNUSED_FUNCTION = YES;
				GCC_WARN_UNUSED_VARIABLE = YES;
				IPHONEOS_DEPLOYMENT_TARGET = 16.6;
				LOCALIZATION_PREFERS_STRING_CATALOGS = YES;
				MTL_ENABLE_DEBUG_INFO = NO;
				MTL_FAST_MATH = YES;
				SDKROOT = iphoneos;
				SWIFT_COMPILATION_MODE = wholemodule;
				VALIDATE_PRODUCT = YES;
			};
			name = Release;
		};
		2ACF0C4F2B1C769100B53999 /* Debug */ = {
			isa = XCBuildConfiguration;
			buildSettings = {
				ASSETCATALOG_COMPILER_APPICON_NAME = AppIcon;
				ASSETCATALOG_COMPILER_GLOBAL_ACCENT_COLOR_NAME = AccentColor;
				CODE_SIGN_STYLE = Automatic;
				CURRENT_PROJECT_VERSION = 1;
				DEVELOPMENT_TEAM = 7B3GDB4H8F;
				GENERATE_INFOPLIST_FILE = YES;
				INFOPLIST_FILE = "Palphone Analysis/Info.plist";
				INFOPLIST_KEY_UIApplicationSupportsIndirectInputEvents = YES;
				INFOPLIST_KEY_UILaunchStoryboardName = LaunchScreen;
				INFOPLIST_KEY_UIMainStoryboardFile = Main;
				INFOPLIST_KEY_UISupportedInterfaceOrientations_iPad = "UIInterfaceOrientationPortrait UIInterfaceOrientationPortraitUpsideDown UIInterfaceOrientationLandscapeLeft UIInterfaceOrientationLandscapeRight";
				INFOPLIST_KEY_UISupportedInterfaceOrientations_iPhone = "UIInterfaceOrientationPortrait UIInterfaceOrientationLandscapeLeft UIInterfaceOrientationLandscapeRight";
				IPHONEOS_DEPLOYMENT_TARGET = 16.6;
				LD_RUNPATH_SEARCH_PATHS = (
					"$(inherited)",
					"@executable_path/Frameworks",
				);
				MARKETING_VERSION = 1.0;
				PRODUCT_BUNDLE_IDENTIFIER = "com.JELAVOR.Palphone.Palphone-Analysis";
				PRODUCT_NAME = "$(TARGET_NAME)";
				SWIFT_EMIT_LOC_STRINGS = YES;
				SWIFT_VERSION = 5.0;
				TARGETED_DEVICE_FAMILY = "1,2";
			};
			name = Debug;
		};
		2ACF0C502B1C769100B53999 /* Release */ = {
			isa = XCBuildConfiguration;
			buildSettings = {
				ASSETCATALOG_COMPILER_APPICON_NAME = AppIcon;
				ASSETCATALOG_COMPILER_GLOBAL_ACCENT_COLOR_NAME = AccentColor;
				CODE_SIGN_STYLE = Automatic;
				CURRENT_PROJECT_VERSION = 1;
				DEVELOPMENT_TEAM = 7B3GDB4H8F;
				GENERATE_INFOPLIST_FILE = YES;
				INFOPLIST_FILE = "Palphone Analysis/Info.plist";
				INFOPLIST_KEY_UIApplicationSupportsIndirectInputEvents = YES;
				INFOPLIST_KEY_UILaunchStoryboardName = LaunchScreen;
				INFOPLIST_KEY_UIMainStoryboardFile = Main;
				INFOPLIST_KEY_UISupportedInterfaceOrientations_iPad = "UIInterfaceOrientationPortrait UIInterfaceOrientationPortraitUpsideDown UIInterfaceOrientationLandscapeLeft UIInterfaceOrientationLandscapeRight";
				INFOPLIST_KEY_UISupportedInterfaceOrientations_iPhone = "UIInterfaceOrientationPortrait UIInterfaceOrientationLandscapeLeft UIInterfaceOrientationLandscapeRight";
				IPHONEOS_DEPLOYMENT_TARGET = 16.6;
				LD_RUNPATH_SEARCH_PATHS = (
					"$(inherited)",
					"@executable_path/Frameworks",
				);
				MARKETING_VERSION = 1.0;
				PRODUCT_BUNDLE_IDENTIFIER = "com.JELAVOR.Palphone.Palphone-Analysis";
				PRODUCT_NAME = "$(TARGET_NAME)";
				SWIFT_EMIT_LOC_STRINGS = YES;
				SWIFT_VERSION = 5.0;
				TARGETED_DEVICE_FAMILY = "1,2";
			};
			name = Release;
		};
/* End XCBuildConfiguration section */

/* Begin XCConfigurationList section */
		2ACF0C322B1C769000B53999 /* Build configuration list for PBXProject "Palphone Analysis" */ = {
			isa = XCConfigurationList;
			buildConfigurations = (
				2ACF0C4C2B1C769100B53999 /* Debug */,
				2ACF0C4D2B1C769100B53999 /* Release */,
			);
			defaultConfigurationIsVisible = 0;
			defaultConfigurationName = Release;
		};
		2ACF0C4E2B1C769100B53999 /* Build configuration list for PBXNativeTarget "Palphone Analysis" */ = {
			isa = XCConfigurationList;
			buildConfigurations = (
				2ACF0C4F2B1C769100B53999 /* Debug */,
				2ACF0C502B1C769100B53999 /* Release */,
			);
			defaultConfigurationIsVisible = 0;
			defaultConfigurationName = Release;
		};
/* End XCConfigurationList section */

/* Begin XCRemoteSwiftPackageReference section */
		2ACB4A502B20A7D3008D1E75 /* XCRemoteSwiftPackageReference "Alamofire" */ = {
			isa = XCRemoteSwiftPackageReference;
			repositoryURL = "https://github.com/Alamofire/Alamofire.git";
			requirement = {
				kind = upToNextMajorVersion;
				minimumVersion = 5.8.1;
			};
		};
/* End XCRemoteSwiftPackageReference section */

/* Begin XCSwiftPackageProductDependency section */
		2ACB4A512B20A7D3008D1E75 /* Alamofire */ = {
			isa = XCSwiftPackageProductDependency;
			package = 2ACB4A502B20A7D3008D1E75 /* XCRemoteSwiftPackageReference "Alamofire" */;
			productName = Alamofire;
		};
/* End XCSwiftPackageProductDependency section */

/* Begin XCVersionGroup section */
		2ACF0C432B1C769000B53999 /* Palphone_Analysis.xcdatamodeld */ = {
			isa = XCVersionGroup;
			children = (
				2ACF0C442B1C769000B53999 /* Palphone_Analysis.xcdatamodel */,
			);
			currentVersion = 2ACF0C442B1C769000B53999 /* Palphone_Analysis.xcdatamodel */;
			path = Palphone_Analysis.xcdatamodeld;
			sourceTree = "<group>";
			versionGroupType = wrapper.xcdatamodel;
		};
/* End XCVersionGroup section */
	};
	rootObject = 2ACF0C2F2B1C769000B53999 /* Project object */;
}
