// !$*UTF8*$!
{
	archiveVersion = 1;
	classes = {
	};
	objectVersion = 56;
	objects = {

/* Begin PBXBuildFile section */
		2A53013D2B1F26C7003F4587 /* ReportViewController.swift in Sources */ = {isa = PBXBuildFile; fileRef = 2A53013C2B1F26C7003F4587 /* ReportViewController.swift */; };
		2A8F2E352B273D1C00C5CA39 /* Main.storyboard in Resources */ = {isa = PBXBuildFile; fileRef = 2A8F2E342B273D1C00C5CA39 /* Main.storyboard */; };
		2AAF6D3B2B3811BC00EBF490 /* AccessTokenInterceptor.swift in Sources */ = {isa = PBXBuildFile; fileRef = 2AAF6D3A2B3811BC00EBF490 /* AccessTokenInterceptor.swift */; };
		2AAF6D3D2B3856A300EBF490 /* AuthError.swift in Sources */ = {isa = PBXBuildFile; fileRef = 2AAF6D3C2B3856A300EBF490 /* AuthError.swift */; };
		2AAF6D3F2B3856CC00EBF490 /* CustomError.swift in Sources */ = {isa = PBXBuildFile; fileRef = 2AAF6D3E2B3856CC00EBF490 /* CustomError.swift */; };
		2AAF6D412B38576500EBF490 /* LoginRequest.swift in Sources */ = {isa = PBXBuildFile; fileRef = 2AAF6D402B38576500EBF490 /* LoginRequest.swift */; };
		2AAF6D442B38592100EBF490 /* APIRequest.swift in Sources */ = {isa = PBXBuildFile; fileRef = 2AAF6D432B38592100EBF490 /* APIRequest.swift */; };
		2AAF6D462B3859C200EBF490 /* WelcomeResponse.swift in Sources */ = {isa = PBXBuildFile; fileRef = 2AAF6D452B3859C200EBF490 /* WelcomeResponse.swift */; };
		2AAF6D4A2B3860E100EBF490 /* AppUserDefaults.swift in Sources */ = {isa = PBXBuildFile; fileRef = 2AAF6D492B3860E100EBF490 /* AppUserDefaults.swift */; };
		2AAF6D4D2B38611A00EBF490 /* UserDefaultsKey.swift in Sources */ = {isa = PBXBuildFile; fileRef = 2AAF6D4C2B38611A00EBF490 /* UserDefaultsKey.swift */; };
		2AAF6D502B38626D00EBF490 /* Aliz.swift in Sources */ = {isa = PBXBuildFile; fileRef = 2AAF6D4F2B38626D00EBF490 /* Aliz.swift */; };
		2AAF6D522B38636800EBF490 /* Permission.swift in Sources */ = {isa = PBXBuildFile; fileRef = 2AAF6D512B38636800EBF490 /* Permission.swift */; };
		2AAF6D542B38637E00EBF490 /* Action.swift in Sources */ = {isa = PBXBuildFile; fileRef = 2AAF6D532B38637E00EBF490 /* Action.swift */; };
		2AAF6D562B38639200EBF490 /* ActionName.swift in Sources */ = {isa = PBXBuildFile; fileRef = 2AAF6D552B38639200EBF490 /* ActionName.swift */; };
		2AAF6D582B3863A600EBF490 /* Tokens.swift in Sources */ = {isa = PBXBuildFile; fileRef = 2AAF6D572B3863A600EBF490 /* Tokens.swift */; };
		2AAF6D5A2B3863BD00EBF490 /* Aliz2.swift in Sources */ = {isa = PBXBuildFile; fileRef = 2AAF6D592B3863BD00EBF490 /* Aliz2.swift */; };
		2AAF6D5C2B3863DC00EBF490 /* Welcome.swift in Sources */ = {isa = PBXBuildFile; fileRef = 2AAF6D5B2B3863DC00EBF490 /* Welcome.swift */; };
		2AAF6D5E2B3863F500EBF490 /* Meta.swift in Sources */ = {isa = PBXBuildFile; fileRef = 2AAF6D5D2B3863F500EBF490 /* Meta.swift */; };
		2AAF6D602B38641200EBF490 /* Talk.swift in Sources */ = {isa = PBXBuildFile; fileRef = 2AAF6D5F2B38641200EBF490 /* Talk.swift */; };
		2AAF6D622B38642200EBF490 /* TalkPal.swift in Sources */ = {isa = PBXBuildFile; fileRef = 2AAF6D612B38642200EBF490 /* TalkPal.swift */; };
		2AAF6D652B38656900EBF490 /* NavigationUtility.swift in Sources */ = {isa = PBXBuildFile; fileRef = 2AAF6D642B38656900EBF490 /* NavigationUtility.swift */; };
		2AAF6D672B38659700EBF490 /* FormatUtility.swift in Sources */ = {isa = PBXBuildFile; fileRef = 2AAF6D662B38659700EBF490 /* FormatUtility.swift */; };
		2AC349C82B3725C200668470 /* Swinject in Frameworks */ = {isa = PBXBuildFile; productRef = 2AC349C72B3725C200668470 /* Swinject */; };
		2AC349CA2B3725C200668470 /* Swinject-Dynamic in Frameworks */ = {isa = PBXBuildFile; productRef = 2AC349C92B3725C200668470 /* Swinject-Dynamic */; };
		2ACB4A522B20A7D3008D1E75 /* Alamofire in Frameworks */ = {isa = PBXBuildFile; productRef = 2ACB4A512B20A7D3008D1E75 /* Alamofire */; };
		2ACB4A552B20A938008D1E75 /* LoginViewController.swift in Sources */ = {isa = PBXBuildFile; fileRef = 2ACB4A542B20A938008D1E75 /* LoginViewController.swift */; };
		2ACF0C3B2B1C769000B53999 /* AppDelegate.swift in Sources */ = {isa = PBXBuildFile; fileRef = 2ACF0C3A2B1C769000B53999 /* AppDelegate.swift */; };
		2ACF0C3D2B1C769000B53999 /* SceneDelegate.swift in Sources */ = {isa = PBXBuildFile; fileRef = 2ACF0C3C2B1C769000B53999 /* SceneDelegate.swift */; };
		2ACF0C3F2B1C769000B53999 /* WelcomeViewController.swift in Sources */ = {isa = PBXBuildFile; fileRef = 2ACF0C3E2B1C769000B53999 /* WelcomeViewController.swift */; };
		2ACF0C452B1C769000B53999 /* Palphone_Analysis.xcdatamodeld in Sources */ = {isa = PBXBuildFile; fileRef = 2ACF0C432B1C769000B53999 /* Palphone_Analysis.xcdatamodeld */; };
		2ACF0C472B1C769100B53999 /* Assets.xcassets in Resources */ = {isa = PBXBuildFile; fileRef = 2ACF0C462B1C769100B53999 /* Assets.xcassets */; };
		2ACF0C4A2B1C769100B53999 /* LaunchScreen.storyboard in Resources */ = {isa = PBXBuildFile; fileRef = 2ACF0C482B1C769100B53999 /* LaunchScreen.storyboard */; };
		2ADE30AA2B306FBB009FD775 /* ReportTableViewCell.swift in Sources */ = {isa = PBXBuildFile; fileRef = 2ADE30A92B306FBB009FD775 /* ReportTableViewCell.swift */; };
/* End PBXBuildFile section */

/* Begin PBXFileReference section */
		2A53013C2B1F26C7003F4587 /* ReportViewController.swift */ = {isa = PBXFileReference; lastKnownFileType = sourcecode.swift; path = ReportViewController.swift; sourceTree = "<group>"; };
		2A8F2E342B273D1C00C5CA39 /* Main.storyboard */ = {isa = PBXFileReference; lastKnownFileType = file.storyboard; path = Main.storyboard; sourceTree = "<group>"; };
		2AAF6D3A2B3811BC00EBF490 /* AccessTokenInterceptor.swift */ = {isa = PBXFileReference; lastKnownFileType = sourcecode.swift; path = AccessTokenInterceptor.swift; sourceTree = "<group>"; };
		2AAF6D3C2B3856A300EBF490 /* AuthError.swift */ = {isa = PBXFileReference; lastKnownFileType = sourcecode.swift; path = AuthError.swift; sourceTree = "<group>"; };
		2AAF6D3E2B3856CC00EBF490 /* CustomError.swift */ = {isa = PBXFileReference; lastKnownFileType = sourcecode.swift; path = CustomError.swift; sourceTree = "<group>"; };
		2AAF6D402B38576500EBF490 /* LoginRequest.swift */ = {isa = PBXFileReference; lastKnownFileType = sourcecode.swift; path = LoginRequest.swift; sourceTree = "<group>"; };
		2AAF6D432B38592100EBF490 /* APIRequest.swift */ = {isa = PBXFileReference; lastKnownFileType = sourcecode.swift; path = APIRequest.swift; sourceTree = "<group>"; };
		2AAF6D452B3859C200EBF490 /* WelcomeResponse.swift */ = {isa = PBXFileReference; lastKnownFileType = sourcecode.swift; path = WelcomeResponse.swift; sourceTree = "<group>"; };
		2AAF6D492B3860E100EBF490 /* AppUserDefaults.swift */ = {isa = PBXFileReference; lastKnownFileType = sourcecode.swift; path = AppUserDefaults.swift; sourceTree = "<group>"; };
		2AAF6D4C2B38611A00EBF490 /* UserDefaultsKey.swift */ = {isa = PBXFileReference; lastKnownFileType = sourcecode.swift; path = UserDefaultsKey.swift; sourceTree = "<group>"; };
		2AAF6D4F2B38626D00EBF490 /* Aliz.swift */ = {isa = PBXFileReference; lastKnownFileType = sourcecode.swift; path = Aliz.swift; sourceTree = "<group>"; };
		2AAF6D512B38636800EBF490 /* Permission.swift */ = {isa = PBXFileReference; lastKnownFileType = sourcecode.swift; path = Permission.swift; sourceTree = "<group>"; };
		2AAF6D532B38637E00EBF490 /* Action.swift */ = {isa = PBXFileReference; lastKnownFileType = sourcecode.swift; path = Action.swift; sourceTree = "<group>"; };
		2AAF6D552B38639200EBF490 /* ActionName.swift */ = {isa = PBXFileReference; lastKnownFileType = sourcecode.swift; path = ActionName.swift; sourceTree = "<group>"; };
		2AAF6D572B3863A600EBF490 /* Tokens.swift */ = {isa = PBXFileReference; lastKnownFileType = sourcecode.swift; path = Tokens.swift; sourceTree = "<group>"; };
		2AAF6D592B3863BD00EBF490 /* Aliz2.swift */ = {isa = PBXFileReference; lastKnownFileType = sourcecode.swift; path = Aliz2.swift; sourceTree = "<group>"; };
		2AAF6D5B2B3863DC00EBF490 /* Welcome.swift */ = {isa = PBXFileReference; lastKnownFileType = sourcecode.swift; path = Welcome.swift; sourceTree = "<group>"; };
		2AAF6D5D2B3863F500EBF490 /* Meta.swift */ = {isa = PBXFileReference; lastKnownFileType = sourcecode.swift; path = Meta.swift; sourceTree = "<group>"; };
		2AAF6D5F2B38641200EBF490 /* Talk.swift */ = {isa = PBXFileReference; lastKnownFileType = sourcecode.swift; path = Talk.swift; sourceTree = "<group>"; };
		2AAF6D612B38642200EBF490 /* TalkPal.swift */ = {isa = PBXFileReference; lastKnownFileType = sourcecode.swift; path = TalkPal.swift; sourceTree = "<group>"; };
		2AAF6D642B38656900EBF490 /* NavigationUtility.swift */ = {isa = PBXFileReference; lastKnownFileType = sourcecode.swift; path = NavigationUtility.swift; sourceTree = "<group>"; };
		2AAF6D662B38659700EBF490 /* FormatUtility.swift */ = {isa = PBXFileReference; lastKnownFileType = sourcecode.swift; path = FormatUtility.swift; sourceTree = "<group>"; };
		2ACB4A542B20A938008D1E75 /* LoginViewController.swift */ = {isa = PBXFileReference; lastKnownFileType = sourcecode.swift; path = LoginViewController.swift; sourceTree = "<group>"; };
		2ACF0C372B1C769000B53999 /* Palphone Analysis.app */ = {isa = PBXFileReference; explicitFileType = wrapper.application; includeInIndex = 0; path = "Palphone Analysis.app"; sourceTree = BUILT_PRODUCTS_DIR; };
		2ACF0C3A2B1C769000B53999 /* AppDelegate.swift */ = {isa = PBXFileReference; lastKnownFileType = sourcecode.swift; path = AppDelegate.swift; sourceTree = "<group>"; };
		2ACF0C3C2B1C769000B53999 /* SceneDelegate.swift */ = {isa = PBXFileReference; lastKnownFileType = sourcecode.swift; path = SceneDelegate.swift; sourceTree = "<group>"; };
		2ACF0C3E2B1C769000B53999 /* WelcomeViewController.swift */ = {isa = PBXFileReference; lastKnownFileType = sourcecode.swift; path = WelcomeViewController.swift; sourceTree = "<group>"; };
		2ACF0C442B1C769000B53999 /* Palphone_Analysis.xcdatamodel */ = {isa = PBXFileReference; lastKnownFileType = wrapper.xcdatamodel; path = Palphone_Analysis.xcdatamodel; sourceTree = "<group>"; };
		2ACF0C462B1C769100B53999 /* Assets.xcassets */ = {isa = PBXFileReference; lastKnownFileType = folder.assetcatalog; path = Assets.xcassets; sourceTree = "<group>"; };
		2ACF0C492B1C769100B53999 /* Base */ = {isa = PBXFileReference; lastKnownFileType = file.storyboard; name = Base; path = Base.lproj/LaunchScreen.storyboard; sourceTree = "<group>"; };
		2ACF0C4B2B1C769100B53999 /* Info.plist */ = {isa = PBXFileReference; lastKnownFileType = text.plist.xml; path = Info.plist; sourceTree = "<group>"; };
		2ADE30A92B306FBB009FD775 /* ReportTableViewCell.swift */ = {isa = PBXFileReference; lastKnownFileType = sourcecode.swift; path = ReportTableViewCell.swift; sourceTree = "<group>"; };
/* End PBXFileReference section */

/* Begin PBXFrameworksBuildPhase section */
		2ACF0C342B1C769000B53999 /* Frameworks */ = {
			isa = PBXFrameworksBuildPhase;
			buildActionMask = 2147483647;
			files = (
				2AC349CA2B3725C200668470 /* Swinject-Dynamic in Frameworks */,
				2ACB4A522B20A7D3008D1E75 /* Alamofire in Frameworks */,
				2AC349C82B3725C200668470 /* Swinject in Frameworks */,
			);
			runOnlyForDeploymentPostprocessing = 0;
		};
/* End PBXFrameworksBuildPhase section */

/* Begin PBXGroup section */
		2AAF6D392B38119900EBF490 /* Authentication */ = {
			isa = PBXGroup;
			children = (
				2AAF6D3A2B3811BC00EBF490 /* AccessTokenInterceptor.swift */,
				2AAF6D3C2B3856A300EBF490 /* AuthError.swift */,
				2AAF6D3E2B3856CC00EBF490 /* CustomError.swift */,
				2ACB4A542B20A938008D1E75 /* LoginViewController.swift */,
				2AAF6D402B38576500EBF490 /* LoginRequest.swift */,
			);
			path = Authentication;
			sourceTree = "<group>";
		};
		2AAF6D422B3858E400EBF490 /* Networking */ = {
			isa = PBXGroup;
			children = (
				2AAF6D432B38592100EBF490 /* APIRequest.swift */,
				2ACF0C3E2B1C769000B53999 /* WelcomeViewController.swift */,
				2AAF6D452B3859C200EBF490 /* WelcomeResponse.swift */,
			);
			path = Networking;
			sourceTree = "<group>";
		};
		2AAF6D482B385B0700EBF490 /* User Defaults */ = {
			isa = PBXGroup;
			children = (
				2AAF6D492B3860E100EBF490 /* AppUserDefaults.swift */,
				2AAF6D4C2B38611A00EBF490 /* UserDefaultsKey.swift */,
			);
			path = "User Defaults";
			sourceTree = "<group>";
		};
		2AAF6D4E2B38625300EBF490 /* Model */ = {
			isa = PBXGroup;
			children = (
				2AAF6D4F2B38626D00EBF490 /* Aliz.swift */,
				2AAF6D512B38636800EBF490 /* Permission.swift */,
				2AAF6D532B38637E00EBF490 /* Action.swift */,
				2AAF6D552B38639200EBF490 /* ActionName.swift */,
				2AAF6D572B3863A600EBF490 /* Tokens.swift */,
				2AAF6D592B3863BD00EBF490 /* Aliz2.swift */,
				2AAF6D5B2B3863DC00EBF490 /* Welcome.swift */,
				2AAF6D5D2B3863F500EBF490 /* Meta.swift */,
				2AAF6D5F2B38641200EBF490 /* Talk.swift */,
				2AAF6D612B38642200EBF490 /* TalkPal.swift */,
			);
			path = Model;
			sourceTree = "<group>";
		};
		2AAF6D632B38655200EBF490 /* Utilities */ = {
			isa = PBXGroup;
			children = (
				2AAF6D642B38656900EBF490 /* NavigationUtility.swift */,
				2AAF6D662B38659700EBF490 /* FormatUtility.swift */,
			);
			path = Utilities;
			sourceTree = "<group>";
		};
		2AAF6D682B3865E600EBF490 /* Reports */ = {
			isa = PBXGroup;
			children = (
				2ADE30A92B306FBB009FD775 /* ReportTableViewCell.swift */,
				2A53013C2B1F26C7003F4587 /* ReportViewController.swift */,
			);
			path = Reports;
			sourceTree = "<group>";
		};
		2ACF0C2E2B1C769000B53999 = {
			isa = PBXGroup;
			children = (
				2ACF0C392B1C769000B53999 /* Palphone Analysis */,
				2ACF0C382B1C769000B53999 /* Products */,
			);
			sourceTree = "<group>";
		};
		2ACF0C382B1C769000B53999 /* Products */ = {
			isa = PBXGroup;
			children = (
				2ACF0C372B1C769000B53999 /* Palphone Analysis.app */,
			);
			name = Products;
			sourceTree = "<group>";
		};
		2ACF0C392B1C769000B53999 /* Palphone Analysis */ = {
			isa = PBXGroup;
			children = (
				2ACF0C3A2B1C769000B53999 /* AppDelegate.swift */,
				2ACF0C3C2B1C769000B53999 /* SceneDelegate.swift */,
				2A8F2E342B273D1C00C5CA39 /* Main.storyboard */,
				2AAF6D392B38119900EBF490 /* Authentication */,
				2AAF6D422B3858E400EBF490 /* Networking */,
				2AAF6D482B385B0700EBF490 /* User Defaults */,
				2AAF6D4E2B38625300EBF490 /* Model */,
				2AAF6D632B38655200EBF490 /* Utilities */,
				2AAF6D682B3865E600EBF490 /* Reports */,
				2ACF0C4B2B1C769100B53999 /* Info.plist */,
				2ACF0C432B1C769000B53999 /* Palphone_Analysis.xcdatamodeld */,
				2ACF0C462B1C769100B53999 /* Assets.xcassets */,
				2ACF0C482B1C769100B53999 /* LaunchScreen.storyboard */,
			);
			path = "Palphone Analysis";
			sourceTree = "<group>";
		};
/* End PBXGroup section */

/* Begin PBXNativeTarget section */
		2ACF0C362B1C769000B53999 /* Palphone Analysis */ = {
			isa = PBXNativeTarget;
			buildConfigurationList = 2ACF0C4E2B1C769100B53999 /* Build configuration list for PBXNativeTarget "Palphone Analysis" */;
			buildPhases = (
				2ACF0C332B1C769000B53999 /* Sources */,
				2ACF0C342B1C769000B53999 /* Frameworks */,
				2ACF0C352B1C769000B53999 /* Resources */,
			);
			buildRules = (
			);
			dependencies = (
			);
			name = "Palphone Analysis";
			packageProductDependencies = (
				2ACB4A512B20A7D3008D1E75 /* Alamofire */,
				2AC349C72B3725C200668470 /* Swinject */,
				2AC349C92B3725C200668470 /* Swinject-Dynamic */,
			);
			productName = "Palphone Analysis";
			productReference = 2ACF0C372B1C769000B53999 /* Palphone Analysis.app */;
			productType = "com.apple.product-type.application";
		};
/* End PBXNativeTarget section */

/* Begin PBXProject section */
		2ACF0C2F2B1C769000B53999 /* Project object */ = {
			isa = PBXProject;
			attributes = {
				BuildIndependentTargetsInParallel = 1;
				LastSwiftUpdateCheck = 1500;
				LastUpgradeCheck = 1500;
				TargetAttributes = {
					2ACF0C362B1C769000B53999 = {
						CreatedOnToolsVersion = 15.0;
					};
				};
			};
			buildConfigurationList = 2ACF0C322B1C769000B53999 /* Build configuration list for PBXProject "Palphone Analysis" */;
			compatibilityVersion = "Xcode 14.0";
			developmentRegion = en;
			hasScannedForEncodings = 0;
			knownRegions = (
				en,
				Base,
			);
			mainGroup = 2ACF0C2E2B1C769000B53999;
			packageReferences = (
				2ACB4A502B20A7D3008D1E75 /* XCRemoteSwiftPackageReference "Alamofire" */,
				2AC349C62B3725C200668470 /* XCRemoteSwiftPackageReference "Swinject" */,
			);
			productRefGroup = 2ACF0C382B1C769000B53999 /* Products */;
			projectDirPath = "";
			projectRoot = "";
			targets = (
				2ACF0C362B1C769000B53999 /* Palphone Analysis */,
			);
		};
/* End PBXProject section */

/* Begin PBXResourcesBuildPhase section */
		2ACF0C352B1C769000B53999 /* Resources */ = {
			isa = PBXResourcesBuildPhase;
			buildActionMask = 2147483647;
			files = (
				2A8F2E352B273D1C00C5CA39 /* Main.storyboard in Resources */,
				2ACF0C4A2B1C769100B53999 /* LaunchScreen.storyboard in Resources */,
				2ACF0C472B1C769100B53999 /* Assets.xcassets in Resources */,
			);
			runOnlyForDeploymentPostprocessing = 0;
		};
/* End PBXResourcesBuildPhase section */

/* Begin PBXSourcesBuildPhase section */
		2ACF0C332B1C769000B53999 /* Sources */ = {
			isa = PBXSourcesBuildPhase;
			buildActionMask = 2147483647;
			files = (
				2AAF6D5A2B3863BD00EBF490 /* Aliz2.swift in Sources */,
				2AAF6D4D2B38611A00EBF490 /* UserDefaultsKey.swift in Sources */,
				2ACB4A552B20A938008D1E75 /* LoginViewController.swift in Sources */,
				2AAF6D3F2B3856CC00EBF490 /* CustomError.swift in Sources */,
				2AAF6D542B38637E00EBF490 /* Action.swift in Sources */,
				2AAF6D522B38636800EBF490 /* Permission.swift in Sources */,
				2AAF6D672B38659700EBF490 /* FormatUtility.swift in Sources */,
				2AAF6D4A2B3860E100EBF490 /* AppUserDefaults.swift in Sources */,
				2AAF6D652B38656900EBF490 /* NavigationUtility.swift in Sources */,
				2ACF0C452B1C769000B53999 /* Palphone_Analysis.xcdatamodeld in Sources */,
				2ADE30AA2B306FBB009FD775 /* ReportTableViewCell.swift in Sources */,
				2AAF6D5E2B3863F500EBF490 /* Meta.swift in Sources */,
				2AAF6D412B38576500EBF490 /* LoginRequest.swift in Sources */,
				2ACF0C3F2B1C769000B53999 /* WelcomeViewController.swift in Sources */,
				2ACF0C3B2B1C769000B53999 /* AppDelegate.swift in Sources */,
				2AAF6D3D2B3856A300EBF490 /* AuthError.swift in Sources */,
				2A53013D2B1F26C7003F4587 /* ReportViewController.swift in Sources */,
				2ACF0C3D2B1C769000B53999 /* SceneDelegate.swift in Sources */,
				2AAF6D622B38642200EBF490 /* TalkPal.swift in Sources */,
				2AAF6D502B38626D00EBF490 /* Aliz.swift in Sources */,
				2AAF6D562B38639200EBF490 /* ActionName.swift in Sources */,
				2AAF6D582B3863A600EBF490 /* Tokens.swift in Sources */,
				2AAF6D462B3859C200EBF490 /* WelcomeResponse.swift in Sources */,
				2AAF6D5C2B3863DC00EBF490 /* Welcome.swift in Sources */,
				2AAF6D602B38641200EBF490 /* Talk.swift in Sources */,
				2AAF6D442B38592100EBF490 /* APIRequest.swift in Sources */,
				2AAF6D3B2B3811BC00EBF490 /* AccessTokenInterceptor.swift in Sources */,
			);
			runOnlyForDeploymentPostprocessing = 0;
		};
/* End PBXSourcesBuildPhase section */

/* Begin PBXVariantGroup section */
		2ACF0C482B1C769100B53999 /* LaunchScreen.storyboard */ = {
			isa = PBXVariantGroup;
			children = (
				2ACF0C492B1C769100B53999 /* Base */,
			);
			name = LaunchScreen.storyboard;
			sourceTree = "<group>";
		};
/* End PBXVariantGroup section */

/* Begin XCBuildConfiguration section */
		2ACF0C4C2B1C769100B53999 /* Debug */ = {
			isa = XCBuildConfiguration;
			buildSettings = {
				ALWAYS_SEARCH_USER_PATHS = NO;
				ASSETCATALOG_COMPILER_GENERATE_SWIFT_ASSET_SYMBOL_EXTENSIONS = YES;
				CLANG_ANALYZER_NONNULL = YES;
				CLANG_ANALYZER_NUMBER_OBJECT_CONVERSION = YES_AGGRESSIVE;
				CLANG_CXX_LANGUAGE_STANDARD = "gnu++20";
				CLANG_ENABLE_MODULES = YES;
				CLANG_ENABLE_OBJC_ARC = YES;
				CLANG_ENABLE_OBJC_WEAK = YES;
				CLANG_WARN_BLOCK_CAPTURE_AUTORELEASING = YES;
				CLANG_WARN_BOOL_CONVERSION = YES;
				CLANG_WARN_COMMA = YES;
				CLANG_WARN_CONSTANT_CONVERSION = YES;
				CLANG_WARN_DEPRECATED_OBJC_IMPLEMENTATIONS = YES;
				CLANG_WARN_DIRECT_OBJC_ISA_USAGE = YES_ERROR;
				CLANG_WARN_DOCUMENTATION_COMMENTS = YES;
				CLANG_WARN_EMPTY_BODY = YES;
				CLANG_WARN_ENUM_CONVERSION = YES;
				CLANG_WARN_INFINITE_RECURSION = YES;
				CLANG_WARN_INT_CONVERSION = YES;
				CLANG_WARN_NON_LITERAL_NULL_CONVERSION = YES;
				CLANG_WARN_OBJC_IMPLICIT_RETAIN_SELF = YES;
				CLANG_WARN_OBJC_LITERAL_CONVERSION = YES;
				CLANG_WARN_OBJC_ROOT_CLASS = YES_ERROR;
				CLANG_WARN_QUOTED_INCLUDE_IN_FRAMEWORK_HEADER = YES;
				CLANG_WARN_RANGE_LOOP_ANALYSIS = YES;
				CLANG_WARN_STRICT_PROTOTYPES = YES;
				CLANG_WARN_SUSPICIOUS_MOVE = YES;
				CLANG_WARN_UNGUARDED_AVAILABILITY = YES_AGGRESSIVE;
				CLANG_WARN_UNREACHABLE_CODE = YES;
				CLANG_WARN__DUPLICATE_METHOD_MATCH = YES;
				COPY_PHASE_STRIP = NO;
				DEBUG_INFORMATION_FORMAT = dwarf;
				ENABLE_STRICT_OBJC_MSGSEND = YES;
				ENABLE_TESTABILITY = YES;
				ENABLE_USER_SCRIPT_SANDBOXING = YES;
				GCC_C_LANGUAGE_STANDARD = gnu17;
				GCC_DYNAMIC_NO_PIC = NO;
				GCC_NO_COMMON_BLOCKS = YES;
				GCC_OPTIMIZATION_LEVEL = 0;
				GCC_PREPROCESSOR_DEFINITIONS = (
					"DEBUG=1",
					"$(inherited)",
				);
				GCC_WARN_64_TO_32_BIT_CONVERSION = YES;
				GCC_WARN_ABOUT_RETURN_TYPE = YES_ERROR;
				GCC_WARN_UNDECLARED_SELECTOR = YES;
				GCC_WARN_UNINITIALIZED_AUTOS = YES_AGGRESSIVE;
				GCC_WARN_UNUSED_FUNCTION = YES;
				GCC_WARN_UNUSED_VARIABLE = YES;
				IPHONEOS_DEPLOYMENT_TARGET = 15.6;
				LOCALIZATION_PREFERS_STRING_CATALOGS = YES;
				MTL_ENABLE_DEBUG_INFO = INCLUDE_SOURCE;
				MTL_FAST_MATH = YES;
				ONLY_ACTIVE_ARCH = YES;
				SDKROOT = iphoneos;
				SWIFT_ACTIVE_COMPILATION_CONDITIONS = "DEBUG $(inherited)";
				SWIFT_OPTIMIZATION_LEVEL = "-Onone";
			};
			name = Debug;
		};
		2ACF0C4D2B1C769100B53999 /* Release */ = {
			isa = XCBuildConfiguration;
			buildSettings = {
				ALWAYS_SEARCH_USER_PATHS = NO;
				ASSETCATALOG_COMPILER_GENERATE_SWIFT_ASSET_SYMBOL_EXTENSIONS = YES;
				CLANG_ANALYZER_NONNULL = YES;
				CLANG_ANALYZER_NUMBER_OBJECT_CONVERSION = YES_AGGRESSIVE;
				CLANG_CXX_LANGUAGE_STANDARD = "gnu++20";
				CLANG_ENABLE_MODULES = YES;
				CLANG_ENABLE_OBJC_ARC = YES;
				CLANG_ENABLE_OBJC_WEAK = YES;
				CLANG_WARN_BLOCK_CAPTURE_AUTORELEASING = YES;
				CLANG_WARN_BOOL_CONVERSION = YES;
				CLANG_WARN_COMMA = YES;
				CLANG_WARN_CONSTANT_CONVERSION = YES;
				CLANG_WARN_DEPRECATED_OBJC_IMPLEMENTATIONS = YES;
				CLANG_WARN_DIRECT_OBJC_ISA_USAGE = YES_ERROR;
				CLANG_WARN_DOCUMENTATION_COMMENTS = YES;
				CLANG_WARN_EMPTY_BODY = YES;
				CLANG_WARN_ENUM_CONVERSION = YES;
				CLANG_WARN_INFINITE_RECURSION = YES;
				CLANG_WARN_INT_CONVERSION = YES;
				CLANG_WARN_NON_LITERAL_NULL_CONVERSION = YES;
				CLANG_WARN_OBJC_IMPLICIT_RETAIN_SELF = YES;
				CLANG_WARN_OBJC_LITERAL_CONVERSION = YES;
				CLANG_WARN_OBJC_ROOT_CLASS = YES_ERROR;
				CLANG_WARN_QUOTED_INCLUDE_IN_FRAMEWORK_HEADER = YES;
				CLANG_WARN_RANGE_LOOP_ANALYSIS = YES;
				CLANG_WARN_STRICT_PROTOTYPES = YES;
				CLANG_WARN_SUSPICIOUS_MOVE = YES;
				CLANG_WARN_UNGUARDED_AVAILABILITY = YES_AGGRESSIVE;
				CLANG_WARN_UNREACHABLE_CODE = YES;
				CLANG_WARN__DUPLICATE_METHOD_MATCH = YES;
				COPY_PHASE_STRIP = NO;
				DEBUG_INFORMATION_FORMAT = "dwarf-with-dsym";
				ENABLE_NS_ASSERTIONS = NO;
				ENABLE_STRICT_OBJC_MSGSEND = YES;
				ENABLE_USER_SCRIPT_SANDBOXING = YES;
				GCC_C_LANGUAGE_STANDARD = gnu17;
				GCC_NO_COMMON_BLOCKS = YES;
				GCC_WARN_64_TO_32_BIT_CONVERSION = YES;
				GCC_WARN_ABOUT_RETURN_TYPE = YES_ERROR;
				GCC_WARN_UNDECLARED_SELECTOR = YES;
				GCC_WARN_UNINITIALIZED_AUTOS = YES_AGGRESSIVE;
				GCC_WARN_UNUSED_FUNCTION = YES;
				GCC_WARN_UNUSED_VARIABLE = YES;
				IPHONEOS_DEPLOYMENT_TARGET = 15.6;
				LOCALIZATION_PREFERS_STRING_CATALOGS = YES;
				MTL_ENABLE_DEBUG_INFO = NO;
				MTL_FAST_MATH = YES;
				SDKROOT = iphoneos;
				SWIFT_COMPILATION_MODE = wholemodule;
				VALIDATE_PRODUCT = YES;
			};
			name = Release;
		};
		2ACF0C4F2B1C769100B53999 /* Debug */ = {
			isa = XCBuildConfiguration;
			buildSettings = {
				ASSETCATALOG_COMPILER_APPICON_NAME = AppIcon;
				ASSETCATALOG_COMPILER_GLOBAL_ACCENT_COLOR_NAME = AccentColor;
				CODE_SIGN_STYLE = Automatic;
				CURRENT_PROJECT_VERSION = 1;
				DEVELOPMENT_TEAM = 7B3GDB4H8F;
				GENERATE_INFOPLIST_FILE = YES;
				INFOPLIST_FILE = "Palphone Analysis/Info.plist";
				INFOPLIST_KEY_UIApplicationSupportsIndirectInputEvents = YES;
				INFOPLIST_KEY_UILaunchStoryboardName = LaunchScreen;
				INFOPLIST_KEY_UIMainStoryboardFile = Main;
				INFOPLIST_KEY_UISupportedInterfaceOrientations_iPad = "UIInterfaceOrientationPortrait UIInterfaceOrientationPortraitUpsideDown UIInterfaceOrientationLandscapeLeft UIInterfaceOrientationLandscapeRight";
				INFOPLIST_KEY_UISupportedInterfaceOrientations_iPhone = "UIInterfaceOrientationPortrait UIInterfaceOrientationLandscapeLeft UIInterfaceOrientationLandscapeRight";
				IPHONEOS_DEPLOYMENT_TARGET = 15.6;
				LD_RUNPATH_SEARCH_PATHS = (
					"$(inherited)",
					"@executable_path/Frameworks",
				);
				MARKETING_VERSION = 1.0;
				PRODUCT_BUNDLE_IDENTIFIER = "com.JELAVOR.Palphone.Palphone-Analysis";
				PRODUCT_NAME = "$(TARGET_NAME)";
				SWIFT_EMIT_LOC_STRINGS = YES;
				SWIFT_VERSION = 5.0;
				TARGETED_DEVICE_FAMILY = "1,2";
			};
			name = Debug;
		};
		2ACF0C502B1C769100B53999 /* Release */ = {
			isa = XCBuildConfiguration;
			buildSettings = {
				ASSETCATALOG_COMPILER_APPICON_NAME = AppIcon;
				ASSETCATALOG_COMPILER_GLOBAL_ACCENT_COLOR_NAME = AccentColor;
				CODE_SIGN_STYLE = Automatic;
				CURRENT_PROJECT_VERSION = 1;
				DEVELOPMENT_TEAM = 7B3GDB4H8F;
				GENERATE_INFOPLIST_FILE = YES;
				INFOPLIST_FILE = "Palphone Analysis/Info.plist";
				INFOPLIST_KEY_UIApplicationSupportsIndirectInputEvents = YES;
				INFOPLIST_KEY_UILaunchStoryboardName = LaunchScreen;
				INFOPLIST_KEY_UIMainStoryboardFile = Main;
				INFOPLIST_KEY_UISupportedInterfaceOrientations_iPad = "UIInterfaceOrientationPortrait UIInterfaceOrientationPortraitUpsideDown UIInterfaceOrientationLandscapeLeft UIInterfaceOrientationLandscapeRight";
				INFOPLIST_KEY_UISupportedInterfaceOrientations_iPhone = "UIInterfaceOrientationPortrait UIInterfaceOrientationLandscapeLeft UIInterfaceOrientationLandscapeRight";
				IPHONEOS_DEPLOYMENT_TARGET = 15.6;
				LD_RUNPATH_SEARCH_PATHS = (
					"$(inherited)",
					"@executable_path/Frameworks",
				);
				MARKETING_VERSION = 1.0;
				PRODUCT_BUNDLE_IDENTIFIER = "com.JELAVOR.Palphone.Palphone-Analysis";
				PRODUCT_NAME = "$(TARGET_NAME)";
				SWIFT_EMIT_LOC_STRINGS = YES;
				SWIFT_VERSION = 5.0;
				TARGETED_DEVICE_FAMILY = "1,2";
			};
			name = Release;
		};
/* End XCBuildConfiguration section */

/* Begin XCConfigurationList section */
		2ACF0C322B1C769000B53999 /* Build configuration list for PBXProject "Palphone Analysis" */ = {
			isa = XCConfigurationList;
			buildConfigurations = (
				2ACF0C4C2B1C769100B53999 /* Debug */,
				2ACF0C4D2B1C769100B53999 /* Release */,
			);
			defaultConfigurationIsVisible = 0;
			defaultConfigurationName = Release;
		};
		2ACF0C4E2B1C769100B53999 /* Build configuration list for PBXNativeTarget "Palphone Analysis" */ = {
			isa = XCConfigurationList;
			buildConfigurations = (
				2ACF0C4F2B1C769100B53999 /* Debug */,
				2ACF0C502B1C769100B53999 /* Release */,
			);
			defaultConfigurationIsVisible = 0;
			defaultConfigurationName = Release;
		};
/* End XCConfigurationList section */

/* Begin XCRemoteSwiftPackageReference section */
		2AC349C62B3725C200668470 /* XCRemoteSwiftPackageReference "Swinject" */ = {
			isa = XCRemoteSwiftPackageReference;
			repositoryURL = "https://github.com/Swinject/Swinject";
			requirement = {
				kind = upToNextMajorVersion;
				minimumVersion = 2.8.4;
			};
		};
		2ACB4A502B20A7D3008D1E75 /* XCRemoteSwiftPackageReference "Alamofire" */ = {
			isa = XCRemoteSwiftPackageReference;
			repositoryURL = "https://github.com/Alamofire/Alamofire.git";
			requirement = {
				kind = upToNextMajorVersion;
				minimumVersion = 5.8.1;
			};
		};
/* End XCRemoteSwiftPackageReference section */

/* Begin XCSwiftPackageProductDependency section */
		2AC349C72B3725C200668470 /* Swinject */ = {
			isa = XCSwiftPackageProductDependency;
			package = 2AC349C62B3725C200668470 /* XCRemoteSwiftPackageReference "Swinject" */;
			productName = Swinject;
		};
		2AC349C92B3725C200668470 /* Swinject-Dynamic */ = {
			isa = XCSwiftPackageProductDependency;
			package = 2AC349C62B3725C200668470 /* XCRemoteSwiftPackageReference "Swinject" */;
			productName = "Swinject-Dynamic";
		};
		2ACB4A512B20A7D3008D1E75 /* Alamofire */ = {
			isa = XCSwiftPackageProductDependency;
			package = 2ACB4A502B20A7D3008D1E75 /* XCRemoteSwiftPackageReference "Alamofire" */;
			productName = Alamofire;
		};
/* End XCSwiftPackageProductDependency section */

/* Begin XCVersionGroup section */
		2ACF0C432B1C769000B53999 /* Palphone_Analysis.xcdatamodeld */ = {
			isa = XCVersionGroup;
			children = (
				2ACF0C442B1C769000B53999 /* Palphone_Analysis.xcdatamodel */,
			);
			currentVersion = 2ACF0C442B1C769000B53999 /* Palphone_Analysis.xcdatamodel */;
			path = Palphone_Analysis.xcdatamodeld;
			sourceTree = "<group>";
			versionGroupType = wrapper.xcdatamodel;
		};
/* End XCVersionGroup section */
	};
	rootObject = 2ACF0C2F2B1C769000B53999 /* Project object */;
}
